
Microsoft Visual Studio Solution File, Format Version 12.00
# Visual Studio Version 17
VisualStudioVersion = 17.0.31903.59
MinimumVisualStudioVersion = 10.0.40219.1
Project("{FAE04EC0-301F-11D3-BF4B-00C04F79EFBC}") = "XlsxTools", "XlsxTools\XlsxTools.csproj", "{5B8C2890-3BDF-4954-BE1E-B2A6CF3300CA}"
EndProject
Project("{FAE04EC0-301F-11D3-BF4B-00C04F79EFBC}") = "UIForm", "UIForm\UIForm.csproj", "{4C4F3E0B-C366-4AEB-99FC-8F8CAB1D837C}"
EndProject
Global
	GlobalSection(SolutionConfigurationPlatforms) = preSolution
		Debug|Any CPU = Debug|Any CPU
		Debug|x64 = Debug|x64
		Debug|x86 = Debug|x86
		Release|Any CPU = Release|Any CPU
		Release|x64 = Release|x64
		Release|x86 = Release|x86
	EndGlobalSection
	GlobalSection(ProjectConfigurationPlatforms) = postSolution
		{5B8C2890-3BDF-4954-BE1E-B2A6CF3300CA}.Debug|Any CPU.ActiveCfg = Debug|Any CPU
		{5B8C2890-3BDF-4954-BE1E-B2A6CF3300CA}.Debug|Any CPU.Build.0 = Debug|Any CPU
		{5B8C2890-3BDF-4954-BE1E-B2A6CF3300CA}.Debug|x64.ActiveCfg = Debug|Any CPU
		{5B8C2890-3BDF-4954-BE1E-B2A6CF3300CA}.Debug|x64.Build.0 = Debug|Any CPU
		{5B8C2890-3BDF-4954-BE1E-B2A6CF3300CA}.Debug|x86.ActiveCfg = Debug|Any CPU
		{5B8C2890-3BDF-4954-BE1E-B2A6CF3300CA}.Debug|x86.Build.0 = Debug|Any CPU
		{5B8C2890-3BDF-4954-BE1E-B2A6CF3300CA}.Release|Any CPU.ActiveCfg = Release|Any CPU
		{5B8C2890-3BDF-4954-BE1E-B2A6CF3300CA}.Release|Any CPU.Build.0 = Release|Any CPU
		{5B8C2890-3BDF-4954-BE1E-B2A6CF3300CA}.Release|x64.ActiveCfg = Release|Any CPU
		{5B8C2890-3BDF-4954-BE1E-B2A6CF3300CA}.Release|x64.Build.0 = Release|Any CPU
		{5B8C2890-3BDF-4954-BE1E-B2A6CF3300CA}.Release|x86.ActiveCfg = Release|Any CPU
		{5B8C2890-3BDF-4954-BE1E-B2A6CF3300CA}.Release|x86.Build.0 = Release|Any CPU
		{4C4F3E0B-C366-4AEB-99FC-8F8CAB1D837C}.Debug|Any CPU.ActiveCfg = Debug|Any CPU
		{4C4F3E0B-C366-4AEB-99FC-8F8CAB1D837C}.Debug|Any CPU.Build.0 = Debug|Any CPU
		{4C4F3E0B-C366-4AEB-99FC-8F8CAB1D837C}.Debug|x64.ActiveCfg = Debug|Any CPU
		{4C4F3E0B-C366-4AEB-99FC-8F8CAB1D837C}.Debug|x64.Build.0 = Debug|Any CPU
		{4C4F3E0B-C366-4AEB-99FC-8F8CAB1D837C}.Debug|x86.ActiveCfg = Debug|Any CPU
		{4C4F3E0B-C366-4AEB-99FC-8F8CAB1D837C}.Debug|x86.Build.0 = Debug|Any CPU
		{4C4F3E0B-C366-4AEB-99FC-8F8CAB1D837C}.Release|Any CPU.ActiveCfg = Release|Any CPU
		{4C4F3E0B-C366-4AEB-99FC-8F8CAB1D837C}.Release|Any CPU.Build.0 = Release|Any CPU
		{4C4F3E0B-C366-4AEB-99FC-8F8CAB1D837C}.Release|x64.ActiveCfg = Release|Any CPU
		{4C4F3E0B-C366-4AEB-99FC-8F8CAB1D837C}.Release|x64.Build.0 = Release|Any CPU
		{4C4F3E0B-C366-4AEB-99FC-8F8CAB1D837C}.Release|x86.ActiveCfg = Release|Any CPU
		{4C4F3E0B-C366-4AEB-99FC-8F8CAB1D837C}.Release|x86.Build.0 = Release|Any CPU
	EndGlobalSection
	GlobalSection(SolutionProperties) = preSolution
		HideSolutionNode = FALSE
	EndGlobalSection
	GlobalSection(NestedProjects) = preSolution
	EndGlobalSection
EndGlobal
